// !$*UTF8*$!
{
	archiveVersion = 1;
	classes = {
	};
	objectVersion = 56;
	objects = {

/* Begin PBXBuildFile section */
		6A0ED76329E4EA5500AE2684 /* FirebaseAuth in Frameworks */ = {isa = PBXBuildFile; productRef = 6A0ED76229E4EA5500AE2684 /* FirebaseAuth */; };
		6A0ED76529E4EA5500AE2684 /* FirebaseDatabase in Frameworks */ = {isa = PBXBuildFile; productRef = 6A0ED76429E4EA5500AE2684 /* FirebaseDatabase */; };
		6A0ED76729E4EA5500AE2684 /* FirebaseStorage in Frameworks */ = {isa = PBXBuildFile; productRef = 6A0ED76629E4EA5500AE2684 /* FirebaseStorage */; };
		6A22D40029E827C200586D59 /* EditProfileTVC.swift in Sources */ = {isa = PBXBuildFile; fileRef = 6A22D3FF29E827C200586D59 /* EditProfileTVC.swift */; };
		6A22D40229E827F200586D59 /* CountryTableViewController.swift in Sources */ = {isa = PBXBuildFile; fileRef = 6A22D40129E827F200586D59 /* CountryTableViewController.swift */; };
		6A22D40429F07C3800586D59 /* UpdateBid.swift in Sources */ = {isa = PBXBuildFile; fileRef = 6A22D40329F07C3800586D59 /* UpdateBid.swift */; };
		6A2B42D229E2E7CA00EC82E0 /* StartBidStoryboard.storyboard in Resources */ = {isa = PBXBuildFile; fileRef = 6A2B42D129E2E7CA00EC82E0 /* StartBidStoryboard.storyboard */; };
		6A410A5429D07D550010CA31 /* GoogleService-Info.plist in Resources */ = {isa = PBXBuildFile; fileRef = 6A410A5329D07D540010CA31 /* GoogleService-Info.plist */; };
		6A410A5629D1BB690010CA31 /* BaderStoryboard.storyboard in Resources */ = {isa = PBXBuildFile; fileRef = 6A410A5529D1BB690010CA31 /* BaderStoryboard.storyboard */; };
		6A410A5829D1BCE00010CA31 /* RaneemStoryboard.storyboard in Resources */ = {isa = PBXBuildFile; fileRef = 6A410A5729D1BCE00010CA31 /* RaneemStoryboard.storyboard */; };
		6A410A5A29D1BCEE0010CA31 /* GhadeerStoryboard.storyboard in Resources */ = {isa = PBXBuildFile; fileRef = 6A410A5929D1BCEE0010CA31 /* GhadeerStoryboard.storyboard */; };
		6A410A5C29D1BCFD0010CA31 /* IsaStoryboard.storyboard in Resources */ = {isa = PBXBuildFile; fileRef = 6A410A5B29D1BCFD0010CA31 /* IsaStoryboard.storyboard */; };
		6A6D6C3C29E3B05100C45433 /* DatabaseTestingStoryboard.storyboard in Resources */ = {isa = PBXBuildFile; fileRef = 6A6D6C3B29E3B05100C45433 /* DatabaseTestingStoryboard.storyboard */; };
		6A6D6C3E29E3B07D00C45433 /* DatabaseTestingViewController.swift in Sources */ = {isa = PBXBuildFile; fileRef = 6A6D6C3D29E3B07D00C45433 /* DatabaseTestingViewController.swift */; };
		6A6D6C4029E3B3D700C45433 /* Database.swift in Sources */ = {isa = PBXBuildFile; fileRef = 6A6D6C3F29E3B3D700C45433 /* Database.swift */; };
		6A6D6C4229E4527C00C45433 /* StartBidTableViewController.swift in Sources */ = {isa = PBXBuildFile; fileRef = 6A6D6C4129E4527C00C45433 /* StartBidTableViewController.swift */; };
		6A6D6C4429E4881300C45433 /* SubmitBidTableViewController.swift in Sources */ = {isa = PBXBuildFile; fileRef = 6A6D6C4329E4881300C45433 /* SubmitBidTableViewController.swift */; };
		6A74283929E4A9F900F17BC8 /* DatabaseLoadImage.swift in Sources */ = {isa = PBXBuildFile; fileRef = 6A74283829E4A9F900F17BC8 /* DatabaseLoadImage.swift */; };
		6A74283D29E4E2AC00F17BC8 /* DatabaseSaveTestViewController.swift in Sources */ = {isa = PBXBuildFile; fileRef = 6A74283C29E4E2AC00F17BC8 /* DatabaseSaveTestViewController.swift */; };
		6A74283F29E4E2C500F17BC8 /* DatabaseSaveTestStoryboard.storyboard in Resources */ = {isa = PBXBuildFile; fileRef = 6A74283E29E4E2C500F17BC8 /* DatabaseSaveTestStoryboard.storyboard */; };
		6A8972A229DDB8F3000B84E2 /* IsaViewController.swift in Sources */ = {isa = PBXBuildFile; fileRef = 6A89729829DDB8F1000B84E2 /* IsaViewController.swift */; };
		6A8972A329DDB8F3000B84E2 /* LogosAssets.xcassets in Resources */ = {isa = PBXBuildFile; fileRef = 6A89729929DDB8F1000B84E2 /* LogosAssets.xcassets */; };
		6A8972A629DDB8F3000B84E2 /* ForgetPasswordViewController.swift in Sources */ = {isa = PBXBuildFile; fileRef = 6A89729C29DDB8F2000B84E2 /* ForgetPasswordViewController.swift */; };
		6A8972A729DDB8F3000B84E2 /* HomeViewController.swift in Sources */ = {isa = PBXBuildFile; fileRef = 6A89729D29DDB8F2000B84E2 /* HomeViewController.swift */; };
		6A8972A829DDB8F3000B84E2 /* SignupViewController.swift in Sources */ = {isa = PBXBuildFile; fileRef = 6A89729E29DDB8F2000B84E2 /* SignupViewController.swift */; };
		6A8972A929DDB8F3000B84E2 /* BiddingViewController.swift in Sources */ = {isa = PBXBuildFile; fileRef = 6A89729F29DDB8F2000B84E2 /* BiddingViewController.swift */; };
		6A8972AF29DDB958000B84E2 /* Main.storyboard in Resources */ = {isa = PBXBuildFile; fileRef = 6A8972AE29DDB958000B84E2 /* Main.storyboard */; };
		6AD054B029E733E200039CC2 /* AddProductTableViewController.swift in Sources */ = {isa = PBXBuildFile; fileRef = 6AD054AF29E733E200039CC2 /* AddProductTableViewController.swift */; };
		6AD054B229E77D9C00039CC2 /* MyListingsStoryboard.storyboard in Resources */ = {isa = PBXBuildFile; fileRef = 6AD054B129E77D9C00039CC2 /* MyListingsStoryboard.storyboard */; };
		6AD054B429E77E8400039CC2 /* MyListingsTableViewController.swift in Sources */ = {isa = PBXBuildFile; fileRef = 6AD054B329E77E8400039CC2 /* MyListingsTableViewController.swift */; };
		6AD054B929E7989F00039CC2 /* CollectionViewCell.swift in Sources */ = {isa = PBXBuildFile; fileRef = 6AD054B529E7989F00039CC2 /* CollectionViewCell.swift */; };
		6AD054BB29E7989F00039CC2 /* HomepageStoryboard.storyboard in Resources */ = {isa = PBXBuildFile; fileRef = 6AD054B729E7989F00039CC2 /* HomepageStoryboard.storyboard */; };
		6AD054BC29E7989F00039CC2 /* TableViewCell.swift in Sources */ = {isa = PBXBuildFile; fileRef = 6AD054B829E7989F00039CC2 /* TableViewCell.swift */; };
		6ADA84C929D06FB800DB1DB6 /* AppDelegate.swift in Sources */ = {isa = PBXBuildFile; fileRef = 6ADA84C829D06FB800DB1DB6 /* AppDelegate.swift */; };
		6ADA84CB29D06FB800DB1DB6 /* SceneDelegate.swift in Sources */ = {isa = PBXBuildFile; fileRef = 6ADA84CA29D06FB800DB1DB6 /* SceneDelegate.swift */; };
		6ADA84CD29D06FB800DB1DB6 /* ViewController.swift in Sources */ = {isa = PBXBuildFile; fileRef = 6ADA84CC29D06FB800DB1DB6 /* ViewController.swift */; };
		6ADA84D229D06FBA00DB1DB6 /* Assets.xcassets in Resources */ = {isa = PBXBuildFile; fileRef = 6ADA84D129D06FBA00DB1DB6 /* Assets.xcassets */; };
		6ADA84D529D06FBA00DB1DB6 /* LaunchScreen.storyboard in Resources */ = {isa = PBXBuildFile; fileRef = 6ADA84D329D06FBA00DB1DB6 /* LaunchScreen.storyboard */; };
		6AFDE78E29E7A422004E0D37 /* HomeTableViewController.swift in Sources */ = {isa = PBXBuildFile; fileRef = 6AFDE78D29E7A422004E0D37 /* HomeTableViewController.swift */; };
/* End PBXBuildFile section */

/* Begin PBXFileReference section */
		6A22D3FF29E827C200586D59 /* EditProfileTVC.swift */ = {isa = PBXFileReference; fileEncoding = 4; lastKnownFileType = sourcecode.swift; path = EditProfileTVC.swift; sourceTree = "<group>"; };
		6A22D40129E827F200586D59 /* CountryTableViewController.swift */ = {isa = PBXFileReference; fileEncoding = 4; lastKnownFileType = sourcecode.swift; path = CountryTableViewController.swift; sourceTree = "<group>"; };
		6A22D40329F07C3800586D59 /* UpdateBid.swift */ = {isa = PBXFileReference; lastKnownFileType = sourcecode.swift; path = UpdateBid.swift; sourceTree = "<group>"; };
		6A2B42D129E2E7CA00EC82E0 /* StartBidStoryboard.storyboard */ = {isa = PBXFileReference; lastKnownFileType = file.storyboard; path = StartBidStoryboard.storyboard; sourceTree = "<group>"; };
		6A410A5329D07D540010CA31 /* GoogleService-Info.plist */ = {isa = PBXFileReference; fileEncoding = 4; lastKnownFileType = text.plist.xml; path = "GoogleService-Info.plist"; sourceTree = "<group>"; };
		6A410A5529D1BB690010CA31 /* BaderStoryboard.storyboard */ = {isa = PBXFileReference; lastKnownFileType = file.storyboard; path = BaderStoryboard.storyboard; sourceTree = "<group>"; };
		6A410A5729D1BCE00010CA31 /* RaneemStoryboard.storyboard */ = {isa = PBXFileReference; lastKnownFileType = file.storyboard; path = RaneemStoryboard.storyboard; sourceTree = "<group>"; };
		6A410A5929D1BCEE0010CA31 /* GhadeerStoryboard.storyboard */ = {isa = PBXFileReference; lastKnownFileType = file.storyboard; path = GhadeerStoryboard.storyboard; sourceTree = "<group>"; };
		6A410A5B29D1BCFD0010CA31 /* IsaStoryboard.storyboard */ = {isa = PBXFileReference; lastKnownFileType = file.storyboard; path = IsaStoryboard.storyboard; sourceTree = "<group>"; };
		6A6D6C3B29E3B05100C45433 /* DatabaseTestingStoryboard.storyboard */ = {isa = PBXFileReference; lastKnownFileType = file.storyboard; path = DatabaseTestingStoryboard.storyboard; sourceTree = "<group>"; };
		6A6D6C3D29E3B07D00C45433 /* DatabaseTestingViewController.swift */ = {isa = PBXFileReference; lastKnownFileType = sourcecode.swift; path = DatabaseTestingViewController.swift; sourceTree = "<group>"; };
		6A6D6C3F29E3B3D700C45433 /* Database.swift */ = {isa = PBXFileReference; fileEncoding = 4; lastKnownFileType = sourcecode.swift; path = Database.swift; sourceTree = "<group>"; };
		6A6D6C4129E4527C00C45433 /* StartBidTableViewController.swift */ = {isa = PBXFileReference; lastKnownFileType = sourcecode.swift; path = StartBidTableViewController.swift; sourceTree = "<group>"; };
		6A6D6C4329E4881300C45433 /* SubmitBidTableViewController.swift */ = {isa = PBXFileReference; lastKnownFileType = sourcecode.swift; path = SubmitBidTableViewController.swift; sourceTree = "<group>"; };
		6A74283829E4A9F900F17BC8 /* DatabaseLoadImage.swift */ = {isa = PBXFileReference; lastKnownFileType = sourcecode.swift; path = DatabaseLoadImage.swift; sourceTree = "<group>"; };
		6A74283C29E4E2AC00F17BC8 /* DatabaseSaveTestViewController.swift */ = {isa = PBXFileReference; lastKnownFileType = sourcecode.swift; path = DatabaseSaveTestViewController.swift; sourceTree = "<group>"; };
		6A74283E29E4E2C500F17BC8 /* DatabaseSaveTestStoryboard.storyboard */ = {isa = PBXFileReference; lastKnownFileType = file.storyboard; path = DatabaseSaveTestStoryboard.storyboard; sourceTree = "<group>"; };
		6A89729829DDB8F1000B84E2 /* IsaViewController.swift */ = {isa = PBXFileReference; fileEncoding = 4; lastKnownFileType = sourcecode.swift; path = IsaViewController.swift; sourceTree = "<group>"; };
		6A89729929DDB8F1000B84E2 /* LogosAssets.xcassets */ = {isa = PBXFileReference; lastKnownFileType = folder.assetcatalog; path = LogosAssets.xcassets; sourceTree = "<group>"; };
		6A89729C29DDB8F2000B84E2 /* ForgetPasswordViewController.swift */ = {isa = PBXFileReference; fileEncoding = 4; lastKnownFileType = sourcecode.swift; path = ForgetPasswordViewController.swift; sourceTree = "<group>"; };
		6A89729D29DDB8F2000B84E2 /* HomeViewController.swift */ = {isa = PBXFileReference; fileEncoding = 4; lastKnownFileType = sourcecode.swift; path = HomeViewController.swift; sourceTree = "<group>"; };
		6A89729E29DDB8F2000B84E2 /* SignupViewController.swift */ = {isa = PBXFileReference; fileEncoding = 4; lastKnownFileType = sourcecode.swift; path = SignupViewController.swift; sourceTree = "<group>"; };
		6A89729F29DDB8F2000B84E2 /* BiddingViewController.swift */ = {isa = PBXFileReference; fileEncoding = 4; lastKnownFileType = sourcecode.swift; path = BiddingViewController.swift; sourceTree = "<group>"; };
		6A8972AE29DDB958000B84E2 /* Main.storyboard */ = {isa = PBXFileReference; fileEncoding = 4; lastKnownFileType = file.storyboard; path = Main.storyboard; sourceTree = "<group>"; };
		6AD054AF29E733E200039CC2 /* AddProductTableViewController.swift */ = {isa = PBXFileReference; lastKnownFileType = sourcecode.swift; path = AddProductTableViewController.swift; sourceTree = "<group>"; };
		6AD054B129E77D9C00039CC2 /* MyListingsStoryboard.storyboard */ = {isa = PBXFileReference; lastKnownFileType = file.storyboard; path = MyListingsStoryboard.storyboard; sourceTree = "<group>"; };
		6AD054B329E77E8400039CC2 /* MyListingsTableViewController.swift */ = {isa = PBXFileReference; lastKnownFileType = sourcecode.swift; path = MyListingsTableViewController.swift; sourceTree = "<group>"; };
		6AD054B529E7989F00039CC2 /* CollectionViewCell.swift */ = {isa = PBXFileReference; fileEncoding = 4; lastKnownFileType = sourcecode.swift; path = CollectionViewCell.swift; sourceTree = "<group>"; };
		6AD054B729E7989F00039CC2 /* HomepageStoryboard.storyboard */ = {isa = PBXFileReference; fileEncoding = 4; lastKnownFileType = file.storyboard; path = HomepageStoryboard.storyboard; sourceTree = "<group>"; };
		6AD054B829E7989F00039CC2 /* TableViewCell.swift */ = {isa = PBXFileReference; fileEncoding = 4; lastKnownFileType = sourcecode.swift; path = TableViewCell.swift; sourceTree = "<group>"; };
		6ADA84C529D06FB800DB1DB6 /* SomaApp.app */ = {isa = PBXFileReference; explicitFileType = wrapper.application; includeInIndex = 0; path = SomaApp.app; sourceTree = BUILT_PRODUCTS_DIR; };
		6ADA84C829D06FB800DB1DB6 /* AppDelegate.swift */ = {isa = PBXFileReference; lastKnownFileType = sourcecode.swift; path = AppDelegate.swift; sourceTree = "<group>"; };
		6ADA84CA29D06FB800DB1DB6 /* SceneDelegate.swift */ = {isa = PBXFileReference; lastKnownFileType = sourcecode.swift; path = SceneDelegate.swift; sourceTree = "<group>"; };
		6ADA84CC29D06FB800DB1DB6 /* ViewController.swift */ = {isa = PBXFileReference; lastKnownFileType = sourcecode.swift; path = ViewController.swift; sourceTree = "<group>"; };
		6ADA84D129D06FBA00DB1DB6 /* Assets.xcassets */ = {isa = PBXFileReference; lastKnownFileType = folder.assetcatalog; path = Assets.xcassets; sourceTree = "<group>"; };
		6ADA84D429D06FBA00DB1DB6 /* Base */ = {isa = PBXFileReference; lastKnownFileType = file.storyboard; name = Base; path = Base.lproj/LaunchScreen.storyboard; sourceTree = "<group>"; };
		6ADA84D629D06FBA00DB1DB6 /* Info.plist */ = {isa = PBXFileReference; lastKnownFileType = text.plist.xml; path = Info.plist; sourceTree = "<group>"; };
		6AFDE78D29E7A422004E0D37 /* HomeTableViewController.swift */ = {isa = PBXFileReference; fileEncoding = 4; lastKnownFileType = sourcecode.swift; name = HomeTableViewController.swift; path = SomaApp/HomeTableViewController.swift; sourceTree = "<group>"; };
/* End PBXFileReference section */

/* Begin PBXFrameworksBuildPhase section */
		6ADA84C229D06FB800DB1DB6 /* Frameworks */ = {
			isa = PBXFrameworksBuildPhase;
			buildActionMask = 2147483647;
			files = (
				6A0ED76529E4EA5500AE2684 /* FirebaseDatabase in Frameworks */,
				6A0ED76329E4EA5500AE2684 /* FirebaseAuth in Frameworks */,
				6A0ED76729E4EA5500AE2684 /* FirebaseStorage in Frameworks */,
			);
			runOnlyForDeploymentPostprocessing = 0;
		};
/* End PBXFrameworksBuildPhase section */

/* Begin PBXGroup section */
		6ADA84BC29D06FB800DB1DB6 = {
			isa = PBXGroup;
			children = (
				6A22D40329F07C3800586D59 /* UpdateBid.swift */,
				6AFDE78D29E7A422004E0D37 /* HomeTableViewController.swift */,
				6ADA84C729D06FB800DB1DB6 /* SomaApp */,
				6ADA84C629D06FB800DB1DB6 /* Products */,
			);
			sourceTree = "<group>";
		};
		6ADA84C629D06FB800DB1DB6 /* Products */ = {
			isa = PBXGroup;
			children = (
				6ADA84C529D06FB800DB1DB6 /* SomaApp.app */,
			);
			name = Products;
			sourceTree = "<group>";
		};
		6ADA84C729D06FB800DB1DB6 /* SomaApp */ = {
			isa = PBXGroup;
			children = (
				6A8972AE29DDB958000B84E2 /* Main.storyboard */,
				6AD054B729E7989F00039CC2 /* HomepageStoryboard.storyboard */,
				6A2B42D129E2E7CA00EC82E0 /* StartBidStoryboard.storyboard */,
				6A410A5529D1BB690010CA31 /* BaderStoryboard.storyboard */,
				6AD054B129E77D9C00039CC2 /* MyListingsStoryboard.storyboard */,
				6A410A5B29D1BCFD0010CA31 /* IsaStoryboard.storyboard */,
				6A410A5929D1BCEE0010CA31 /* GhadeerStoryboard.storyboard */,
				6A410A5729D1BCE00010CA31 /* RaneemStoryboard.storyboard */,
				6A22D40129E827F200586D59 /* CountryTableViewController.swift */,
				6A22D3FF29E827C200586D59 /* EditProfileTVC.swift */,
				6AD054B529E7989F00039CC2 /* CollectionViewCell.swift */,
				6AD054B829E7989F00039CC2 /* TableViewCell.swift */,
				6AD054AF29E733E200039CC2 /* AddProductTableViewController.swift */,
				6A6D6C4129E4527C00C45433 /* StartBidTableViewController.swift */,
				6A6D6C4329E4881300C45433 /* SubmitBidTableViewController.swift */,
				6AD054B329E77E8400039CC2 /* MyListingsTableViewController.swift */,
				6A89729F29DDB8F2000B84E2 /* BiddingViewController.swift */,
				6A89729C29DDB8F2000B84E2 /* ForgetPasswordViewController.swift */,
				6A89729D29DDB8F2000B84E2 /* HomeViewController.swift */,
				6A89729829DDB8F1000B84E2 /* IsaViewController.swift */,
				6A89729E29DDB8F2000B84E2 /* SignupViewController.swift */,
				6ADA84CC29D06FB800DB1DB6 /* ViewController.swift */,
				6ADA84C829D06FB800DB1DB6 /* AppDelegate.swift */,
				6ADA84CA29D06FB800DB1DB6 /* SceneDelegate.swift */,
				6A6D6C3F29E3B3D700C45433 /* Database.swift */,
				6A6D6C3D29E3B07D00C45433 /* DatabaseTestingViewController.swift */,
				6A74283829E4A9F900F17BC8 /* DatabaseLoadImage.swift */,
				6A74283C29E4E2AC00F17BC8 /* DatabaseSaveTestViewController.swift */,
				6A74283E29E4E2C500F17BC8 /* DatabaseSaveTestStoryboard.storyboard */,
				6A6D6C3B29E3B05100C45433 /* DatabaseTestingStoryboard.storyboard */,
				6ADA84D129D06FBA00DB1DB6 /* Assets.xcassets */,
				6A89729929DDB8F1000B84E2 /* LogosAssets.xcassets */,
				6ADA84D329D06FBA00DB1DB6 /* LaunchScreen.storyboard */,
				6ADA84D629D06FBA00DB1DB6 /* Info.plist */,
				6A410A5329D07D540010CA31 /* GoogleService-Info.plist */,
			);
			path = SomaApp;
			sourceTree = "<group>";
		};
/* End PBXGroup section */

/* Begin PBXNativeTarget section */
		6ADA84C429D06FB800DB1DB6 /* SomaApp */ = {
			isa = PBXNativeTarget;
			buildConfigurationList = 6ADA84D929D06FBA00DB1DB6 /* Build configuration list for PBXNativeTarget "SomaApp" */;
			buildPhases = (
				6ADA84C129D06FB800DB1DB6 /* Sources */,
				6ADA84C229D06FB800DB1DB6 /* Frameworks */,
				6ADA84C329D06FB800DB1DB6 /* Resources */,
			);
			buildRules = (
			);
			dependencies = (
			);
			name = SomaApp;
			packageProductDependencies = (
				6A0ED76229E4EA5500AE2684 /* FirebaseAuth */,
				6A0ED76429E4EA5500AE2684 /* FirebaseDatabase */,
				6A0ED76629E4EA5500AE2684 /* FirebaseStorage */,
			);
			productName = SomaApp;
			productReference = 6ADA84C529D06FB800DB1DB6 /* SomaApp.app */;
			productType = "com.apple.product-type.application";
		};
/* End PBXNativeTarget section */

/* Begin PBXProject section */
		6ADA84BD29D06FB800DB1DB6 /* Project object */ = {
			isa = PBXProject;
			attributes = {
				BuildIndependentTargetsInParallel = 1;
				LastSwiftUpdateCheck = 1420;
				LastUpgradeCheck = 1420;
				TargetAttributes = {
					6ADA84C429D06FB800DB1DB6 = {
						CreatedOnToolsVersion = 14.2;
					};
				};
			};
			buildConfigurationList = 6ADA84C029D06FB800DB1DB6 /* Build configuration list for PBXProject "SomaApp" */;
			compatibilityVersion = "Xcode 14.0";
			developmentRegion = en;
			hasScannedForEncodings = 0;
			knownRegions = (
				en,
				Base,
			);
			mainGroup = 6ADA84BC29D06FB800DB1DB6;
			packageReferences = (
				6A0ED76129E4EA5500AE2684 /* XCRemoteSwiftPackageReference "firebase-ios-sdk" */,
			);
			productRefGroup = 6ADA84C629D06FB800DB1DB6 /* Products */;
			projectDirPath = "";
			projectRoot = "";
			targets = (
				6ADA84C429D06FB800DB1DB6 /* SomaApp */,
			);
		};
/* End PBXProject section */

/* Begin PBXResourcesBuildPhase section */
		6ADA84C329D06FB800DB1DB6 /* Resources */ = {
			isa = PBXResourcesBuildPhase;
			buildActionMask = 2147483647;
			files = (
				6ADA84D529D06FBA00DB1DB6 /* LaunchScreen.storyboard in Resources */,
				6A410A5829D1BCE00010CA31 /* RaneemStoryboard.storyboard in Resources */,
				6A410A5429D07D550010CA31 /* GoogleService-Info.plist in Resources */,
				6A8972AF29DDB958000B84E2 /* Main.storyboard in Resources */,
				6A2B42D229E2E7CA00EC82E0 /* StartBidStoryboard.storyboard in Resources */,
				6A6D6C3C29E3B05100C45433 /* DatabaseTestingStoryboard.storyboard in Resources */,
				6ADA84D229D06FBA00DB1DB6 /* Assets.xcassets in Resources */,
				6A410A5C29D1BCFD0010CA31 /* IsaStoryboard.storyboard in Resources */,
				6A410A5629D1BB690010CA31 /* BaderStoryboard.storyboard in Resources */,
				6AD054B229E77D9C00039CC2 /* MyListingsStoryboard.storyboard in Resources */,
				6AD054BB29E7989F00039CC2 /* HomepageStoryboard.storyboard in Resources */,
				6A410A5A29D1BCEE0010CA31 /* GhadeerStoryboard.storyboard in Resources */,
				6A8972A329DDB8F3000B84E2 /* LogosAssets.xcassets in Resources */,
				6A74283F29E4E2C500F17BC8 /* DatabaseSaveTestStoryboard.storyboard in Resources */,
			);
			runOnlyForDeploymentPostprocessing = 0;
		};
/* End PBXResourcesBuildPhase section */

/* Begin PBXSourcesBuildPhase section */
		6ADA84C129D06FB800DB1DB6 /* Sources */ = {
			isa = PBXSourcesBuildPhase;
			buildActionMask = 2147483647;
			files = (
				6ADA84CD29D06FB800DB1DB6 /* ViewController.swift in Sources */,
				6A8972A829DDB8F3000B84E2 /* SignupViewController.swift in Sources */,
				6AD054B929E7989F00039CC2 /* CollectionViewCell.swift in Sources */,
				6ADA84C929D06FB800DB1DB6 /* AppDelegate.swift in Sources */,
				6A6D6C4229E4527C00C45433 /* StartBidTableViewController.swift in Sources */,
				6AD054BC29E7989F00039CC2 /* TableViewCell.swift in Sources */,
				6A6D6C3E29E3B07D00C45433 /* DatabaseTestingViewController.swift in Sources */,
				6A74283D29E4E2AC00F17BC8 /* DatabaseSaveTestViewController.swift in Sources */,
				6AD054B029E733E200039CC2 /* AddProductTableViewController.swift in Sources */,
				6A8972A229DDB8F3000B84E2 /* IsaViewController.swift in Sources */,
				6A8972A629DDB8F3000B84E2 /* ForgetPasswordViewController.swift in Sources */,
				6A22D40029E827C200586D59 /* EditProfileTVC.swift in Sources */,
				6A8972A729DDB8F3000B84E2 /* HomeViewController.swift in Sources */,
				6A74283929E4A9F900F17BC8 /* DatabaseLoadImage.swift in Sources */,
				6A6D6C4429E4881300C45433 /* SubmitBidTableViewController.swift in Sources */,
				6ADA84CB29D06FB800DB1DB6 /* SceneDelegate.swift in Sources */,
				6A22D40429F07C3800586D59 /* UpdateBid.swift in Sources */,
				6A8972A929DDB8F3000B84E2 /* BiddingViewController.swift in Sources */,
				6AD054B429E77E8400039CC2 /* MyListingsTableViewController.swift in Sources */,
				6A6D6C4029E3B3D700C45433 /* Database.swift in Sources */,
				6AFDE78E29E7A422004E0D37 /* HomeTableViewController.swift in Sources */,
				6A22D40229E827F200586D59 /* CountryTableViewController.swift in Sources */,
			);
			runOnlyForDeploymentPostprocessing = 0;
		};
/* End PBXSourcesBuildPhase section */

/* Begin PBXVariantGroup section */
		6ADA84D329D06FBA00DB1DB6 /* LaunchScreen.storyboard */ = {
			isa = PBXVariantGroup;
			children = (
				6ADA84D429D06FBA00DB1DB6 /* Base */,
			);
			name = LaunchScreen.storyboard;
			sourceTree = "<group>";
		};
/* End PBXVariantGroup section */

/* Begin XCBuildConfiguration section */
		6ADA84D729D06FBA00DB1DB6 /* Debug */ = {
			isa = XCBuildConfiguration;
			buildSettings = {
				ALWAYS_SEARCH_USER_PATHS = NO;
				CLANG_ANALYZER_NONNULL = YES;
				CLANG_ANALYZER_NUMBER_OBJECT_CONVERSION = YES_AGGRESSIVE;
				CLANG_CXX_LANGUAGE_STANDARD = "gnu++20";
				CLANG_ENABLE_MODULES = YES;
				CLANG_ENABLE_OBJC_ARC = YES;
				CLANG_ENABLE_OBJC_WEAK = YES;
				CLANG_WARN_BLOCK_CAPTURE_AUTORELEASING = YES;
				CLANG_WARN_BOOL_CONVERSION = YES;
				CLANG_WARN_COMMA = YES;
				CLANG_WARN_CONSTANT_CONVERSION = YES;
				CLANG_WARN_DEPRECATED_OBJC_IMPLEMENTATIONS = YES;
				CLANG_WARN_DIRECT_OBJC_ISA_USAGE = YES_ERROR;
				CLANG_WARN_DOCUMENTATION_COMMENTS = YES;
				CLANG_WARN_EMPTY_BODY = YES;
				CLANG_WARN_ENUM_CONVERSION = YES;
				CLANG_WARN_INFINITE_RECURSION = YES;
				CLANG_WARN_INT_CONVERSION = YES;
				CLANG_WARN_NON_LITERAL_NULL_CONVERSION = YES;
				CLANG_WARN_OBJC_IMPLICIT_RETAIN_SELF = YES;
				CLANG_WARN_OBJC_LITERAL_CONVERSION = YES;
				CLANG_WARN_OBJC_ROOT_CLASS = YES_ERROR;
				CLANG_WARN_QUOTED_INCLUDE_IN_FRAMEWORK_HEADER = YES;
				CLANG_WARN_RANGE_LOOP_ANALYSIS = YES;
				CLANG_WARN_STRICT_PROTOTYPES = YES;
				CLANG_WARN_SUSPICIOUS_MOVE = YES;
				CLANG_WARN_UNGUARDED_AVAILABILITY = YES_AGGRESSIVE;
				CLANG_WARN_UNREACHABLE_CODE = YES;
				CLANG_WARN__DUPLICATE_METHOD_MATCH = YES;
				COPY_PHASE_STRIP = NO;
				DEBUG_INFORMATION_FORMAT = dwarf;
				ENABLE_STRICT_OBJC_MSGSEND = YES;
				ENABLE_TESTABILITY = YES;
				GCC_C_LANGUAGE_STANDARD = gnu11;
				GCC_DYNAMIC_NO_PIC = NO;
				GCC_NO_COMMON_BLOCKS = YES;
				GCC_OPTIMIZATION_LEVEL = 0;
				GCC_PREPROCESSOR_DEFINITIONS = (
					"DEBUG=1",
					"$(inherited)",
				);
				GCC_WARN_64_TO_32_BIT_CONVERSION = YES;
				GCC_WARN_ABOUT_RETURN_TYPE = YES_ERROR;
				GCC_WARN_UNDECLARED_SELECTOR = YES;
				GCC_WARN_UNINITIALIZED_AUTOS = YES_AGGRESSIVE;
				GCC_WARN_UNUSED_FUNCTION = YES;
				GCC_WARN_UNUSED_VARIABLE = YES;
				IPHONEOS_DEPLOYMENT_TARGET = 16.2;
				MTL_ENABLE_DEBUG_INFO = INCLUDE_SOURCE;
				MTL_FAST_MATH = YES;
				ONLY_ACTIVE_ARCH = YES;
				SDKROOT = iphoneos;
				SWIFT_ACTIVE_COMPILATION_CONDITIONS = DEBUG;
				SWIFT_OPTIMIZATION_LEVEL = "-Onone";
			};
			name = Debug;
		};
		6ADA84D829D06FBA00DB1DB6 /* Release */ = {
			isa = XCBuildConfiguration;
			buildSettings = {
				ALWAYS_SEARCH_USER_PATHS = NO;
				CLANG_ANALYZER_NONNULL = YES;
				CLANG_ANALYZER_NUMBER_OBJECT_CONVERSION = YES_AGGRESSIVE;
				CLANG_CXX_LANGUAGE_STANDARD = "gnu++20";
				CLANG_ENABLE_MODULES = YES;
				CLANG_ENABLE_OBJC_ARC = YES;
				CLANG_ENABLE_OBJC_WEAK = YES;
				CLANG_WARN_BLOCK_CAPTURE_AUTORELEASING = YES;
				CLANG_WARN_BOOL_CONVERSION = YES;
				CLANG_WARN_COMMA = YES;
				CLANG_WARN_CONSTANT_CONVERSION = YES;
				CLANG_WARN_DEPRECATED_OBJC_IMPLEMENTATIONS = YES;
				CLANG_WARN_DIRECT_OBJC_ISA_USAGE = YES_ERROR;
				CLANG_WARN_DOCUMENTATION_COMMENTS = YES;
				CLANG_WARN_EMPTY_BODY = YES;
				CLANG_WARN_ENUM_CONVERSION = YES;
				CLANG_WARN_INFINITE_RECURSION = YES;
				CLANG_WARN_INT_CONVERSION = YES;
				CLANG_WARN_NON_LITERAL_NULL_CONVERSION = YES;
				CLANG_WARN_OBJC_IMPLICIT_RETAIN_SELF = YES;
				CLANG_WARN_OBJC_LITERAL_CONVERSION = YES;
				CLANG_WARN_OBJC_ROOT_CLASS = YES_ERROR;
				CLANG_WARN_QUOTED_INCLUDE_IN_FRAMEWORK_HEADER = YES;
				CLANG_WARN_RANGE_LOOP_ANALYSIS = YES;
				CLANG_WARN_STRICT_PROTOTYPES = YES;
				CLANG_WARN_SUSPICIOUS_MOVE = YES;
				CLANG_WARN_UNGUARDED_AVAILABILITY = YES_AGGRESSIVE;
				CLANG_WARN_UNREACHABLE_CODE = YES;
				CLANG_WARN__DUPLICATE_METHOD_MATCH = YES;
				COPY_PHASE_STRIP = NO;
				DEBUG_INFORMATION_FORMAT = "dwarf-with-dsym";
				ENABLE_NS_ASSERTIONS = NO;
				ENABLE_STRICT_OBJC_MSGSEND = YES;
				GCC_C_LANGUAGE_STANDARD = gnu11;
				GCC_NO_COMMON_BLOCKS = YES;
				GCC_WARN_64_TO_32_BIT_CONVERSION = YES;
				GCC_WARN_ABOUT_RETURN_TYPE = YES_ERROR;
				GCC_WARN_UNDECLARED_SELECTOR = YES;
				GCC_WARN_UNINITIALIZED_AUTOS = YES_AGGRESSIVE;
				GCC_WARN_UNUSED_FUNCTION = YES;
				GCC_WARN_UNUSED_VARIABLE = YES;
				IPHONEOS_DEPLOYMENT_TARGET = 16.2;
				MTL_ENABLE_DEBUG_INFO = NO;
				MTL_FAST_MATH = YES;
				SDKROOT = iphoneos;
				SWIFT_COMPILATION_MODE = wholemodule;
				SWIFT_OPTIMIZATION_LEVEL = "-O";
				VALIDATE_PRODUCT = YES;
			};
			name = Release;
		};
		6ADA84DA29D06FBA00DB1DB6 /* Debug */ = {
			isa = XCBuildConfiguration;
			buildSettings = {
				ASSETCATALOG_COMPILER_APPICON_NAME = AppIcon;
				ASSETCATALOG_COMPILER_GLOBAL_ACCENT_COLOR_NAME = AccentColor;
				CODE_SIGN_STYLE = Automatic;
				CURRENT_PROJECT_VERSION = 1;
				GENERATE_INFOPLIST_FILE = YES;
				INFOPLIST_FILE = SomaApp/Info.plist;
				INFOPLIST_KEY_UIApplicationSupportsIndirectInputEvents = YES;
				INFOPLIST_KEY_UILaunchStoryboardName = LaunchScreen;
				INFOPLIST_KEY_UIMainStoryboardFile = Main;
				INFOPLIST_KEY_UISupportedInterfaceOrientations_iPad = "UIInterfaceOrientationPortrait UIInterfaceOrientationPortraitUpsideDown UIInterfaceOrientationLandscapeLeft UIInterfaceOrientationLandscapeRight";
				INFOPLIST_KEY_UISupportedInterfaceOrientations_iPhone = "UIInterfaceOrientationPortrait UIInterfaceOrientationLandscapeLeft UIInterfaceOrientationLandscapeRight";
				LD_RUNPATH_SEARCH_PATHS = (
					"$(inherited)",
					"@executable_path/Frameworks",
				);
				MARKETING_VERSION = 1.0;
				PRODUCT_BUNDLE_IDENTIFIER = bh.polytechnic.SomaApp;
				PRODUCT_NAME = "$(TARGET_NAME)";
				SWIFT_EMIT_LOC_STRINGS = YES;
				SWIFT_VERSION = 5.0;
				TARGETED_DEVICE_FAMILY = "1,2";
			};
			name = Debug;
		};
		6ADA84DB29D06FBA00DB1DB6 /* Release */ = {
			isa = XCBuildConfiguration;
			buildSettings = {
				ASSETCATALOG_COMPILER_APPICON_NAME = AppIcon;
				ASSETCATALOG_COMPILER_GLOBAL_ACCENT_COLOR_NAME = AccentColor;
				CODE_SIGN_STYLE = Automatic;
				CURRENT_PROJECT_VERSION = 1;
				GENERATE_INFOPLIST_FILE = YES;
				INFOPLIST_FILE = SomaApp/Info.plist;
				INFOPLIST_KEY_UIApplicationSupportsIndirectInputEvents = YES;
				INFOPLIST_KEY_UILaunchStoryboardName = LaunchScreen;
				INFOPLIST_KEY_UIMainStoryboardFile = Main;
				INFOPLIST_KEY_UISupportedInterfaceOrientations_iPad = "UIInterfaceOrientationPortrait UIInterfaceOrientationPortraitUpsideDown UIInterfaceOrientationLandscapeLeft UIInterfaceOrientationLandscapeRight";
				INFOPLIST_KEY_UISupportedInterfaceOrientations_iPhone = "UIInterfaceOrientationPortrait UIInterfaceOrientationLandscapeLeft UIInterfaceOrientationLandscapeRight";
				LD_RUNPATH_SEARCH_PATHS = (
					"$(inherited)",
					"@executable_path/Frameworks",
				);
				MARKETING_VERSION = 1.0;
				PRODUCT_BUNDLE_IDENTIFIER = bh.polytechnic.SomaApp;
				PRODUCT_NAME = "$(TARGET_NAME)";
				SWIFT_EMIT_LOC_STRINGS = YES;
				SWIFT_VERSION = 5.0;
				TARGETED_DEVICE_FAMILY = "1,2";
			};
			name = Release;
		};
/* End XCBuildConfiguration section */

/* Begin XCConfigurationList section */
		6ADA84C029D06FB800DB1DB6 /* Build configuration list for PBXProject "SomaApp" */ = {
			isa = XCConfigurationList;
			buildConfigurations = (
				6ADA84D729D06FBA00DB1DB6 /* Debug */,
				6ADA84D829D06FBA00DB1DB6 /* Release */,
			);
			defaultConfigurationIsVisible = 0;
			defaultConfigurationName = Release;
		};
		6ADA84D929D06FBA00DB1DB6 /* Build configuration list for PBXNativeTarget "SomaApp" */ = {
			isa = XCConfigurationList;
			buildConfigurations = (
				6ADA84DA29D06FBA00DB1DB6 /* Debug */,
				6ADA84DB29D06FBA00DB1DB6 /* Release */,
			);
			defaultConfigurationIsVisible = 0;
			defaultConfigurationName = Release;
		};
/* End XCConfigurationList section */

/* Begin XCRemoteSwiftPackageReference section */
		6A0ED76129E4EA5500AE2684 /* XCRemoteSwiftPackageReference "firebase-ios-sdk" */ = {
			isa = XCRemoteSwiftPackageReference;
			repositoryURL = "https://github.com/firebase/firebase-ios-sdk";
			requirement = {
				branch = master;
				kind = branch;
			};
		};
/* End XCRemoteSwiftPackageReference section */

/* Begin XCSwiftPackageProductDependency section */
		6A0ED76229E4EA5500AE2684 /* FirebaseAuth */ = {
			isa = XCSwiftPackageProductDependency;
			package = 6A0ED76129E4EA5500AE2684 /* XCRemoteSwiftPackageReference "firebase-ios-sdk" */;
			productName = FirebaseAuth;
		};
		6A0ED76429E4EA5500AE2684 /* FirebaseDatabase */ = {
			isa = XCSwiftPackageProductDependency;
			package = 6A0ED76129E4EA5500AE2684 /* XCRemoteSwiftPackageReference "firebase-ios-sdk" */;
			productName = FirebaseDatabase;
		};
		6A0ED76629E4EA5500AE2684 /* FirebaseStorage */ = {
			isa = XCSwiftPackageProductDependency;
			package = 6A0ED76129E4EA5500AE2684 /* XCRemoteSwiftPackageReference "firebase-ios-sdk" */;
			productName = FirebaseStorage;
		};
/* End XCSwiftPackageProductDependency section */
	};
	rootObject = 6ADA84BD29D06FB800DB1DB6 /* Project object */;
}
